// !$*UTF8*$!
{
	archiveVersion = 1;
	classes = {
	};
	objectVersion = 56;
	objects = {

/* Begin PBXBuildFile section */
		6F08DF9D2938B5E900471921 /* main.swift in Sources */ = {isa = PBXBuildFile; fileRef = 6F08DF9C2938B5E900471921 /* main.swift */; };
		6F08DFA72938B72D00471921 /* Day1.swift in Sources */ = {isa = PBXBuildFile; fileRef = 6F08DFA62938B72D00471921 /* Day1.swift */; };
		6F24DAE6293C7B7B00931922 /* Day4.swift in Sources */ = {isa = PBXBuildFile; fileRef = 6F24DAE5293C7B7B00931922 /* Day4.swift */; };
		6F73DB02293B441D0077CFCE /* Day3.swift in Sources */ = {isa = PBXBuildFile; fileRef = 6F73DB01293B441D0077CFCE /* Day3.swift */; };
		6F970E4E2939E37500F84C60 /* Day2.swift in Sources */ = {isa = PBXBuildFile; fileRef = 6F970E4D2939E37500F84C60 /* Day2.swift */; };
		6F970E502939F3A500F84C60 /* InputHandler.swift in Sources */ = {isa = PBXBuildFile; fileRef = 6F970E4F2939F3A500F84C60 /* InputHandler.swift */; };
		6F970E52293A115C00F84C60 /* AdventDay.swift in Sources */ = {isa = PBXBuildFile; fileRef = 6F970E51293A115C00F84C60 /* AdventDay.swift */; };
/* End PBXBuildFile section */

/* Begin PBXCopyFilesBuildPhase section */
		6F08DF972938B5E900471921 /* CopyFiles */ = {
			isa = PBXCopyFilesBuildPhase;
			buildActionMask = 2147483647;
			dstPath = /usr/share/man/man1/;
			dstSubfolderSpec = 0;
			files = (
			);
			runOnlyForDeploymentPostprocessing = 1;
		};
/* End PBXCopyFilesBuildPhase section */

/* Begin PBXFileReference section */
		6F08DF992938B5E900471921 /* adventofcode */ = {isa = PBXFileReference; explicitFileType = "compiled.mach-o.executable"; includeInIndex = 0; path = adventofcode; sourceTree = BUILT_PRODUCTS_DIR; };
		6F08DF9C2938B5E900471921 /* main.swift */ = {isa = PBXFileReference; lastKnownFileType = sourcecode.swift; path = main.swift; sourceTree = "<group>"; };
		6F08DFA42938B69200471921 /* day1_1 */ = {isa = PBXFileReference; lastKnownFileType = text; path = day1_1; sourceTree = "<group>"; };
		6F08DFA62938B72D00471921 /* Day1.swift */ = {isa = PBXFileReference; lastKnownFileType = sourcecode.swift; path = Day1.swift; sourceTree = "<group>"; };
		6F24DAE4293C7B6800931922 /* day4_1 */ = {isa = PBXFileReference; lastKnownFileType = text; path = day4_1; sourceTree = "<group>"; };
		6F24DAE5293C7B7B00931922 /* Day4.swift */ = {isa = PBXFileReference; lastKnownFileType = sourcecode.swift; path = Day4.swift; sourceTree = "<group>"; };
		6F73DB01293B441D0077CFCE /* Day3.swift */ = {isa = PBXFileReference; lastKnownFileType = sourcecode.swift; path = Day3.swift; sourceTree = "<group>"; };
		6F73DB03293B44A00077CFCE /* day3_1 */ = {isa = PBXFileReference; lastKnownFileType = text; path = day3_1; sourceTree = "<group>"; };
		6F970E4C2939E30F00F84C60 /* day2_1 */ = {isa = PBXFileReference; lastKnownFileType = text; path = day2_1; sourceTree = "<group>"; };
		6F970E4D2939E37500F84C60 /* Day2.swift */ = {isa = PBXFileReference; lastKnownFileType = sourcecode.swift; path = Day2.swift; sourceTree = "<group>"; };
		6F970E4F2939F3A500F84C60 /* InputHandler.swift */ = {isa = PBXFileReference; lastKnownFileType = sourcecode.swift; path = InputHandler.swift; sourceTree = "<group>"; };
		6F970E51293A115C00F84C60 /* AdventDay.swift */ = {isa = PBXFileReference; lastKnownFileType = sourcecode.swift; path = AdventDay.swift; sourceTree = "<group>"; };
/* End PBXFileReference section */

/* Begin PBXFrameworksBuildPhase section */
		6F08DF962938B5E900471921 /* Frameworks */ = {
			isa = PBXFrameworksBuildPhase;
			buildActionMask = 2147483647;
			files = (
			);
			runOnlyForDeploymentPostprocessing = 0;
		};
/* End PBXFrameworksBuildPhase section */

/* Begin PBXGroup section */
		6F08DF902938B5E900471921 = {
			isa = PBXGroup;
			children = (
				6F08DF9B2938B5E900471921 /* adventofcode */,
				6F08DF9A2938B5E900471921 /* Products */,
			);
			sourceTree = "<group>";
		};
		6F08DF9A2938B5E900471921 /* Products */ = {
			isa = PBXGroup;
			children = (
				6F08DF992938B5E900471921 /* adventofcode */,
			);
			name = Products;
			sourceTree = "<group>";
		};
		6F08DF9B2938B5E900471921 /* adventofcode */ = {
			isa = PBXGroup;
			children = (
				6F08DFA52938B6A200471921 /* days */,
				6F08DFA32938B64100471921 /* inputs */,
				6F08DF9C2938B5E900471921 /* main.swift */,
				6F970E4F2939F3A500F84C60 /* InputHandler.swift */,
				6F970E51293A115C00F84C60 /* AdventDay.swift */,
			);
			path = adventofcode;
			sourceTree = "<group>";
		};
		6F08DFA32938B64100471921 /* inputs */ = {
			isa = PBXGroup;
			children = (
				6F08DFA42938B69200471921 /* day1_1 */,
				6F970E4C2939E30F00F84C60 /* day2_1 */,
				6F73DB03293B44A00077CFCE /* day3_1 */,
				6F24DAE4293C7B6800931922 /* day4_1 */,
			);
			path = inputs;
			sourceTree = "<group>";
		};
		6F08DFA52938B6A200471921 /* days */ = {
			isa = PBXGroup;
			children = (
				6F08DFA62938B72D00471921 /* Day1.swift */,
				6F970E4D2939E37500F84C60 /* Day2.swift */,
				6F73DB01293B441D0077CFCE /* Day3.swift */,
				6F24DAE5293C7B7B00931922 /* Day4.swift */,
			);
			path = days;
			sourceTree = "<group>";
		};
/* End PBXGroup section */

/* Begin PBXNativeTarget section */
		6F08DF982938B5E900471921 /* adventofcode */ = {
			isa = PBXNativeTarget;
			buildConfigurationList = 6F08DFA02938B5E900471921 /* Build configuration list for PBXNativeTarget "adventofcode" */;
			buildPhases = (
				6F08DF952938B5E900471921 /* Sources */,
				6F08DF962938B5E900471921 /* Frameworks */,
				6F08DF972938B5E900471921 /* CopyFiles */,
			);
			buildRules = (
			);
			dependencies = (
			);
			name = adventofcode;
			productName = adventofcode;
			productReference = 6F08DF992938B5E900471921 /* adventofcode */;
			productType = "com.apple.product-type.tool";
		};
/* End PBXNativeTarget section */

/* Begin PBXProject section */
		6F08DF912938B5E900471921 /* Project object */ = {
			isa = PBXProject;
			attributes = {
				BuildIndependentTargetsInParallel = 1;
				LastSwiftUpdateCheck = 1410;
				LastUpgradeCheck = 1410;
				TargetAttributes = {
					6F08DF982938B5E900471921 = {
						CreatedOnToolsVersion = 14.1;
					};
				};
			};
			buildConfigurationList = 6F08DF942938B5E900471921 /* Build configuration list for PBXProject "adventofcode" */;
			compatibilityVersion = "Xcode 14.0";
			developmentRegion = en;
			hasScannedForEncodings = 0;
			knownRegions = (
				en,
				Base,
			);
			mainGroup = 6F08DF902938B5E900471921;
			productRefGroup = 6F08DF9A2938B5E900471921 /* Products */;
			projectDirPath = "";
			projectRoot = "";
			targets = (
				6F08DF982938B5E900471921 /* adventofcode */,
			);
		};
/* End PBXProject section */

/* Begin PBXSourcesBuildPhase section */
		6F08DF952938B5E900471921 /* Sources */ = {
			isa = PBXSourcesBuildPhase;
			buildActionMask = 2147483647;
			files = (
				6F970E52293A115C00F84C60 /* AdventDay.swift in Sources */,
				6F08DFA72938B72D00471921 /* Day1.swift in Sources */,
				6F970E4E2939E37500F84C60 /* Day2.swift in Sources */,
				6F08DF9D2938B5E900471921 /* main.swift in Sources */,
				6F24DAE6293C7B7B00931922 /* Day4.swift in Sources */,
				6F73DB02293B441D0077CFCE /* Day3.swift in Sources */,
				6F970E502939F3A500F84C60 /* InputHandler.swift in Sources */,
			);
			runOnlyForDeploymentPostprocessing = 0;
		};
/* End PBXSourcesBuildPhase section */

/* Begin XCBuildConfiguration section */
		6F08DF9E2938B5E900471921 /* Debug */ = {
			isa = XCBuildConfiguration;
			buildSettings = {
				ALWAYS_SEARCH_USER_PATHS = NO;
				CLANG_ANALYZER_NONNULL = YES;
				CLANG_ANALYZER_NUMBER_OBJECT_CONVERSION = YES_AGGRESSIVE;
				CLANG_CXX_LANGUAGE_STANDARD = "gnu++20";
				CLANG_ENABLE_MODULES = YES;
				CLANG_ENABLE_OBJC_ARC = YES;
				CLANG_ENABLE_OBJC_WEAK = YES;
				CLANG_WARN_BLOCK_CAPTURE_AUTORELEASING = YES;
				CLANG_WARN_BOOL_CONVERSION = YES;
				CLANG_WARN_COMMA = YES;
				CLANG_WARN_CONSTANT_CONVERSION = YES;
				CLANG_WARN_DEPRECATED_OBJC_IMPLEMENTATIONS = YES;
				CLANG_WARN_DIRECT_OBJC_ISA_USAGE = YES_ERROR;
				CLANG_WARN_DOCUMENTATION_COMMENTS = YES;
				CLANG_WARN_EMPTY_BODY = YES;
				CLANG_WARN_ENUM_CONVERSION = YES;
				CLANG_WARN_INFINITE_RECURSION = YES;
				CLANG_WARN_INT_CONVERSION = YES;
				CLANG_WARN_NON_LITERAL_NULL_CONVERSION = YES;
				CLANG_WARN_OBJC_IMPLICIT_RETAIN_SELF = YES;
				CLANG_WARN_OBJC_LITERAL_CONVERSION = YES;
				CLANG_WARN_OBJC_ROOT_CLASS = YES_ERROR;
				CLANG_WARN_QUOTED_INCLUDE_IN_FRAMEWORK_HEADER = YES;
				CLANG_WARN_RANGE_LOOP_ANALYSIS = YES;
				CLANG_WARN_STRICT_PROTOTYPES = YES;
				CLANG_WARN_SUSPICIOUS_MOVE = YES;
				CLANG_WARN_UNGUARDED_AVAILABILITY = YES_AGGRESSIVE;
				CLANG_WARN_UNREACHABLE_CODE = YES;
				CLANG_WARN__DUPLICATE_METHOD_MATCH = YES;
				COPY_PHASE_STRIP = NO;
				DEBUG_INFORMATION_FORMAT = dwarf;
				ENABLE_STRICT_OBJC_MSGSEND = YES;
				ENABLE_TESTABILITY = YES;
				GCC_C_LANGUAGE_STANDARD = gnu11;
				GCC_DYNAMIC_NO_PIC = NO;
				GCC_NO_COMMON_BLOCKS = YES;
				GCC_OPTIMIZATION_LEVEL = 0;
				GCC_PREPROCESSOR_DEFINITIONS = (
					"DEBUG=1",
					"$(inherited)",
				);
				GCC_WARN_64_TO_32_BIT_CONVERSION = YES;
				GCC_WARN_ABOUT_RETURN_TYPE = YES_ERROR;
				GCC_WARN_UNDECLARED_SELECTOR = YES;
				GCC_WARN_UNINITIALIZED_AUTOS = YES_AGGRESSIVE;
				GCC_WARN_UNUSED_FUNCTION = YES;
				GCC_WARN_UNUSED_VARIABLE = YES;
				MACOSX_DEPLOYMENT_TARGET = 13.0;
				MTL_ENABLE_DEBUG_INFO = INCLUDE_SOURCE;
				MTL_FAST_MATH = YES;
				ONLY_ACTIVE_ARCH = YES;
				SDKROOT = macosx;
				SWIFT_ACTIVE_COMPILATION_CONDITIONS = DEBUG;
				SWIFT_OPTIMIZATION_LEVEL = "-Onone";
			};
			name = Debug;
		};
		6F08DF9F2938B5E900471921 /* Release */ = {
			isa = XCBuildConfiguration;
			buildSettings = {
				ALWAYS_SEARCH_USER_PATHS = NO;
				CLANG_ANALYZER_NONNULL = YES;
				CLANG_ANALYZER_NUMBER_OBJECT_CONVERSION = YES_AGGRESSIVE;
				CLANG_CXX_LANGUAGE_STANDARD = "gnu++20";
				CLANG_ENABLE_MODULES = YES;
				CLANG_ENABLE_OBJC_ARC = YES;
				CLANG_ENABLE_OBJC_WEAK = YES;
				CLANG_WARN_BLOCK_CAPTURE_AUTORELEASING = YES;
				CLANG_WARN_BOOL_CONVERSION = YES;
				CLANG_WARN_COMMA = YES;
				CLANG_WARN_CONSTANT_CONVERSION = YES;
				CLANG_WARN_DEPRECATED_OBJC_IMPLEMENTATIONS = YES;
				CLANG_WARN_DIRECT_OBJC_ISA_USAGE = YES_ERROR;
				CLANG_WARN_DOCUMENTATION_COMMENTS = YES;
				CLANG_WARN_EMPTY_BODY = YES;
				CLANG_WARN_ENUM_CONVERSION = YES;
				CLANG_WARN_INFINITE_RECURSION = YES;
				CLANG_WARN_INT_CONVERSION = YES;
				CLANG_WARN_NON_LITERAL_NULL_CONVERSION = YES;
				CLANG_WARN_OBJC_IMPLICIT_RETAIN_SELF = YES;
				CLANG_WARN_OBJC_LITERAL_CONVERSION = YES;
				CLANG_WARN_OBJC_ROOT_CLASS = YES_ERROR;
				CLANG_WARN_QUOTED_INCLUDE_IN_FRAMEWORK_HEADER = YES;
				CLANG_WARN_RANGE_LOOP_ANALYSIS = YES;
				CLANG_WARN_STRICT_PROTOTYPES = YES;
				CLANG_WARN_SUSPICIOUS_MOVE = YES;
				CLANG_WARN_UNGUARDED_AVAILABILITY = YES_AGGRESSIVE;
				CLANG_WARN_UNREACHABLE_CODE = YES;
				CLANG_WARN__DUPLICATE_METHOD_MATCH = YES;
				COPY_PHASE_STRIP = NO;
				DEBUG_INFORMATION_FORMAT = "dwarf-with-dsym";
				ENABLE_NS_ASSERTIONS = NO;
				ENABLE_STRICT_OBJC_MSGSEND = YES;
				GCC_C_LANGUAGE_STANDARD = gnu11;
				GCC_NO_COMMON_BLOCKS = YES;
				GCC_WARN_64_TO_32_BIT_CONVERSION = YES;
				GCC_WARN_ABOUT_RETURN_TYPE = YES_ERROR;
				GCC_WARN_UNDECLARED_SELECTOR = YES;
				GCC_WARN_UNINITIALIZED_AUTOS = YES_AGGRESSIVE;
				GCC_WARN_UNUSED_FUNCTION = YES;
				GCC_WARN_UNUSED_VARIABLE = YES;
				MACOSX_DEPLOYMENT_TARGET = 13.0;
				MTL_ENABLE_DEBUG_INFO = NO;
				MTL_FAST_MATH = YES;
				SDKROOT = macosx;
				SWIFT_COMPILATION_MODE = wholemodule;
				SWIFT_OPTIMIZATION_LEVEL = "-O";
			};
			name = Release;
		};
		6F08DFA12938B5E900471921 /* Debug */ = {
			isa = XCBuildConfiguration;
			buildSettings = {
				CODE_SIGN_STYLE = Automatic;
				DEVELOPMENT_TEAM = S4WUU76K2M;
				ENABLE_HARDENED_RUNTIME = YES;
				PRODUCT_NAME = "$(TARGET_NAME)";
				SWIFT_VERSION = 5.0;
			};
			name = Debug;
		};
		6F08DFA22938B5E900471921 /* Release */ = {
			isa = XCBuildConfiguration;
			buildSettings = {
				CODE_SIGN_STYLE = Automatic;
				DEVELOPMENT_TEAM = S4WUU76K2M;
				ENABLE_HARDENED_RUNTIME = YES;
				PRODUCT_NAME = "$(TARGET_NAME)";
				SWIFT_VERSION = 5.0;
			};
			name = Release;
		};
/* End XCBuildConfiguration section */

/* Begin XCConfigurationList section */
		6F08DF942938B5E900471921 /* Build configuration list for PBXProject "adventofcode" */ = {
			isa = XCConfigurationList;
			buildConfigurations = (
				6F08DF9E2938B5E900471921 /* Debug */,
				6F08DF9F2938B5E900471921 /* Release */,
			);
			defaultConfigurationIsVisible = 0;
			defaultConfigurationName = Release;
		};
		6F08DFA02938B5E900471921 /* Build configuration list for PBXNativeTarget "adventofcode" */ = {
			isa = XCConfigurationList;
			buildConfigurations = (
				6F08DFA12938B5E900471921 /* Debug */,
				6F08DFA22938B5E900471921 /* Release */,
			);
			defaultConfigurationIsVisible = 0;
			defaultConfigurationName = Release;
		};
/* End XCConfigurationList section */
	};
	rootObject = 6F08DF912938B5E900471921 /* Project object */;
}
